
Microsoft Visual Studio Solution File, Format Version 12.00
# Visual Studio Version 17
VisualStudioVersion = 17.11.35327.3
MinimumVisualStudioVersion = 10.0.40219.1
Project("{FAE04EC0-301F-11D3-BF4B-00C04F79EFBC}") = "Boat", "Boat\Boat.csproj", "{CDC8E607-813F-4E76-AD73-AD424A808C86}"
EndProject
Project("{FAE04EC0-301F-11D3-BF4B-00C04F79EFBC}") = "BoatTest", "BoatTest\BoatTest.csproj", "{441F191B-9492-484C-9A58-416213C2A70C}"
EndProject
Global
	GlobalSection(SolutionConfigurationPlatforms) = preSolution
		Debug|Any CPU = Debug|Any CPU
		Release|Any CPU = Release|Any CPU
	EndGlobalSection
	GlobalSection(ProjectConfigurationPlatforms) = postSolution
		{CDC8E607-813F-4E76-AD73-AD424A808C86}.Debug|Any CPU.ActiveCfg = Debug|Any CPU
		{CDC8E607-813F-4E76-AD73-AD424A808C86}.Debug|Any CPU.Build.0 = Debug|Any CPU
		{CDC8E607-813F-4E76-AD73-AD424A808C86}.Release|Any CPU.ActiveCfg = Release|Any CPU
		{CDC8E607-813F-4E76-AD73-AD424A808C86}.Release|Any CPU.Build.0 = Release|Any CPU
		{441F191B-9492-484C-9A58-416213C2A70C}.Debug|Any CPU.ActiveCfg = Debug|Any CPU
		{441F191B-9492-484C-9A58-416213C2A70C}.Debug|Any CPU.Build.0 = Debug|Any CPU
		{441F191B-9492-484C-9A58-416213C2A70C}.Release|Any CPU.ActiveCfg = Release|Any CPU
		{441F191B-9492-484C-9A58-416213C2A70C}.Release|Any CPU.Build.0 = Release|Any CPU
	EndGlobalSection
	GlobalSection(SolutionProperties) = preSolution
		HideSolutionNode = FALSE
	EndGlobalSection
	GlobalSection(ExtensibilityGlobals) = postSolution
		SolutionGuid = {C64DE819-0418-43EA-AA69-5143490AE18E}
	EndGlobalSection
EndGlobal
