
Microsoft Visual Studio Solution File, Format Version 12.00
# Visual Studio Version 16
VisualStudioVersion = 16.0.29102.190
MinimumVisualStudioVersion = 10.0.40219.1
Project("{FAE04EC0-301F-11D3-BF4B-00C04F79EFBC}") = "2.ParaClub", "2.ParaClub\2.ParaClub.csproj", "{EACA11F0-457F-4EE5-8F58-E649855B9065}"
EndProject
Global
	GlobalSection(SolutionConfigurationPlatforms) = preSolution
		Debug|Any CPU = Debug|Any CPU
		Release|Any CPU = Release|Any CPU
	EndGlobalSection
	GlobalSection(ProjectConfigurationPlatforms) = postSolution
		{EACA11F0-457F-4EE5-8F58-E649855B9065}.Debug|Any CPU.ActiveCfg = Debug|Any CPU
		{EACA11F0-457F-4EE5-8F58-E649855B9065}.Debug|Any CPU.Build.0 = Debug|Any CPU
		{EACA11F0-457F-4EE5-8F58-E649855B9065}.Release|Any CPU.ActiveCfg = Release|Any CPU
		{EACA11F0-457F-4EE5-8F58-E649855B9065}.Release|Any CPU.Build.0 = Release|Any CPU
	EndGlobalSection
	GlobalSection(SolutionProperties) = preSolution
		HideSolutionNode = FALSE
	EndGlobalSection
	GlobalSection(ExtensibilityGlobals) = postSolution
		SolutionGuid = {0165B326-2C4B-4EAE-B30F-7CC079329945}
	EndGlobalSection
EndGlobal
